// !$*UTF8*$!
{
	archiveVersion = 1;
	classes = {
	};
	objectVersion = 50;
	objects = {

/* Begin PBXBuildFile section */
		C196962A2519E3170077BDE8 /* AppDelegate.swift in Sources */ = {isa = PBXBuildFile; fileRef = C19696292519E3170077BDE8 /* AppDelegate.swift */; };
		C196962C2519E3170077BDE8 /* SceneDelegate.swift in Sources */ = {isa = PBXBuildFile; fileRef = C196962B2519E3170077BDE8 /* SceneDelegate.swift */; };
		C196962E2519E3170077BDE8 /* PostListViewController.swift in Sources */ = {isa = PBXBuildFile; fileRef = C196962D2519E3170077BDE8 /* PostListViewController.swift */; };
		C19696312519E3170077BDE8 /* Main.storyboard in Resources */ = {isa = PBXBuildFile; fileRef = C196962F2519E3170077BDE8 /* Main.storyboard */; };
		C19696332519E31A0077BDE8 /* Assets.xcassets in Resources */ = {isa = PBXBuildFile; fileRef = C19696322519E31A0077BDE8 /* Assets.xcassets */; };
		C19696362519E31A0077BDE8 /* LaunchScreen.storyboard in Resources */ = {isa = PBXBuildFile; fileRef = C19696342519E31A0077BDE8 /* LaunchScreen.storyboard */; };
		C19696442519E6440077BDE8 /* NetworkService.swift in Sources */ = {isa = PBXBuildFile; fileRef = C19696432519E6440077BDE8 /* NetworkService.swift */; };
		C19696462519E90F0077BDE8 /* PostService.swift in Sources */ = {isa = PBXBuildFile; fileRef = C19696452519E90F0077BDE8 /* PostService.swift */; };
		C19696482519E95B0077BDE8 /* Post.swift in Sources */ = {isa = PBXBuildFile; fileRef = C19696472519E95B0077BDE8 /* Post.swift */; };
		C196964A2519EA8D0077BDE8 /* User.swift in Sources */ = {isa = PBXBuildFile; fileRef = C19696492519EA8D0077BDE8 /* User.swift */; };
		C196964C2519EAFC0077BDE8 /* Stats.swift in Sources */ = {isa = PBXBuildFile; fileRef = C196964B2519EAFC0077BDE8 /* Stats.swift */; };
		C1969651251A42A70077BDE8 /* PostCell.swift in Sources */ = {isa = PBXBuildFile; fileRef = C1969650251A42A70077BDE8 /* PostCell.swift */; };
		C1969655251BD6E70077BDE8 /* DownloadImageService.swift in Sources */ = {isa = PBXBuildFile; fileRef = C1969654251BD6E70077BDE8 /* DownloadImageService.swift */; };
		C1969659251BEE590077BDE8 /* ActivityIndicatorCell.swift in Sources */ = {isa = PBXBuildFile; fileRef = C1969658251BEE590077BDE8 /* ActivityIndicatorCell.swift */; };
		C196965D251C7CA80077BDE8 /* PostDetailsViewController.swift in Sources */ = {isa = PBXBuildFile; fileRef = C196965C251C7CA80077BDE8 /* PostDetailsViewController.swift */; };
		C1969661251C85F50077BDE8 /* PostTextCell.swift in Sources */ = {isa = PBXBuildFile; fileRef = C1969660251C85F50077BDE8 /* PostTextCell.swift */; };
		C1969663251C89C70077BDE8 /* PostImageCell.swift in Sources */ = {isa = PBXBuildFile; fileRef = C1969662251C89C70077BDE8 /* PostImageCell.swift */; };
		C1969665251C91A60077BDE8 /* ScaledHeightImageView.swift in Sources */ = {isa = PBXBuildFile; fileRef = C1969664251C91A60077BDE8 /* ScaledHeightImageView.swift */; };
		C1969667251D300C0077BDE8 /* Image.swift in Sources */ = {isa = PBXBuildFile; fileRef = C1969666251D300C0077BDE8 /* Image.swift */; };
		C1969669251DCDA60077BDE8 /* PostCellViewModel.swift in Sources */ = {isa = PBXBuildFile; fileRef = C1969668251DCDA60077BDE8 /* PostCellViewModel.swift */; };
		C196966C251DFADD0077BDE8 /* PostCellConfiguration.swift in Sources */ = {isa = PBXBuildFile; fileRef = C196966B251DFADD0077BDE8 /* PostCellConfiguration.swift */; };
		C196966E251DFBAA0077BDE8 /* PostCellLayoutCalculator.swift in Sources */ = {isa = PBXBuildFile; fileRef = C196966D251DFBAA0077BDE8 /* PostCellLayoutCalculator.swift */; };
		C1969670251DFBB90077BDE8 /* Constants.swift in Sources */ = {isa = PBXBuildFile; fileRef = C196966F251DFBB90077BDE8 /* Constants.swift */; };
		C1969672251DFE230077BDE8 /* String+Height.swift in Sources */ = {isa = PBXBuildFile; fileRef = C1969671251DFE230077BDE8 /* String+Height.swift */; };
		C1969675251F3A430077BDE8 /* Constraints.swift in Sources */ = {isa = PBXBuildFile; fileRef = C1969674251F3A430077BDE8 /* Constraints.swift */; };
		C1969699251F77710077BDE8 /* TagsCell.swift in Sources */ = {isa = PBXBuildFile; fileRef = C1969698251F77710077BDE8 /* TagsCell.swift */; };
		C196969B251F80E40077BDE8 /* StatsCell.swift in Sources */ = {isa = PBXBuildFile; fileRef = C196969A251F80E40077BDE8 /* StatsCell.swift */; };
		C196969E251FC7CC0077BDE8 /* PostManager.swift in Sources */ = {isa = PBXBuildFile; fileRef = C196969D251FC7CC0077BDE8 /* PostManager.swift */; };
		C19696A0251FD0700077BDE8 /* AlertService.swift in Sources */ = {isa = PBXBuildFile; fileRef = C196969F251FD0700077BDE8 /* AlertService.swift */; };
		C19696BA2521DFD40077BDE8 /* PostHeaderCell.swift in Sources */ = {isa = PBXBuildFile; fileRef = C19696B92521DFD40077BDE8 /* PostHeaderCell.swift */; };
		C19696C22521E6DF0077BDE8 /* AnonymTestCaseTests.swift in Sources */ = {isa = PBXBuildFile; fileRef = C19696C12521E6DF0077BDE8 /* AnonymTestCaseTests.swift */; };
/* End PBXBuildFile section */

/* Begin PBXContainerItemProxy section */
		C19696C42521E6DF0077BDE8 /* PBXContainerItemProxy */ = {
			isa = PBXContainerItemProxy;
			containerPortal = C196961E2519E3170077BDE8 /* Project object */;
			proxyType = 1;
			remoteGlobalIDString = C19696252519E3170077BDE8;
			remoteInfo = AnonymTestCase;
		};
/* End PBXContainerItemProxy section */

/* Begin PBXFileReference section */
		C19696262519E3170077BDE8 /* AnonymTestCase.app */ = {isa = PBXFileReference; explicitFileType = wrapper.application; includeInIndex = 0; path = AnonymTestCase.app; sourceTree = BUILT_PRODUCTS_DIR; };
		C19696292519E3170077BDE8 /* AppDelegate.swift */ = {isa = PBXFileReference; lastKnownFileType = sourcecode.swift; path = AppDelegate.swift; sourceTree = "<group>"; };
		C196962B2519E3170077BDE8 /* SceneDelegate.swift */ = {isa = PBXFileReference; lastKnownFileType = sourcecode.swift; path = SceneDelegate.swift; sourceTree = "<group>"; };
		C196962D2519E3170077BDE8 /* PostListViewController.swift */ = {isa = PBXFileReference; lastKnownFileType = sourcecode.swift; path = PostListViewController.swift; sourceTree = "<group>"; };
		C19696302519E3170077BDE8 /* Base */ = {isa = PBXFileReference; lastKnownFileType = file.storyboard; name = Base; path = Base.lproj/Main.storyboard; sourceTree = "<group>"; };
		C19696322519E31A0077BDE8 /* Assets.xcassets */ = {isa = PBXFileReference; lastKnownFileType = folder.assetcatalog; path = Assets.xcassets; sourceTree = "<group>"; };
		C19696352519E31A0077BDE8 /* Base */ = {isa = PBXFileReference; lastKnownFileType = file.storyboard; name = Base; path = Base.lproj/LaunchScreen.storyboard; sourceTree = "<group>"; };
		C19696372519E31A0077BDE8 /* Info.plist */ = {isa = PBXFileReference; lastKnownFileType = text.plist.xml; path = Info.plist; sourceTree = "<group>"; };
		C19696432519E6440077BDE8 /* NetworkService.swift */ = {isa = PBXFileReference; lastKnownFileType = sourcecode.swift; path = NetworkService.swift; sourceTree = "<group>"; };
		C19696452519E90F0077BDE8 /* PostService.swift */ = {isa = PBXFileReference; lastKnownFileType = sourcecode.swift; path = PostService.swift; sourceTree = "<group>"; };
		C19696472519E95B0077BDE8 /* Post.swift */ = {isa = PBXFileReference; lastKnownFileType = sourcecode.swift; path = Post.swift; sourceTree = "<group>"; };
		C19696492519EA8D0077BDE8 /* User.swift */ = {isa = PBXFileReference; lastKnownFileType = sourcecode.swift; path = User.swift; sourceTree = "<group>"; };
		C196964B2519EAFC0077BDE8 /* Stats.swift */ = {isa = PBXFileReference; lastKnownFileType = sourcecode.swift; path = Stats.swift; sourceTree = "<group>"; };
		C1969650251A42A70077BDE8 /* PostCell.swift */ = {isa = PBXFileReference; lastKnownFileType = sourcecode.swift; path = PostCell.swift; sourceTree = "<group>"; };
		C1969654251BD6E70077BDE8 /* DownloadImageService.swift */ = {isa = PBXFileReference; lastKnownFileType = sourcecode.swift; path = DownloadImageService.swift; sourceTree = "<group>"; };
		C1969658251BEE590077BDE8 /* ActivityIndicatorCell.swift */ = {isa = PBXFileReference; lastKnownFileType = sourcecode.swift; path = ActivityIndicatorCell.swift; sourceTree = "<group>"; };
		C196965C251C7CA80077BDE8 /* PostDetailsViewController.swift */ = {isa = PBXFileReference; lastKnownFileType = sourcecode.swift; path = PostDetailsViewController.swift; sourceTree = "<group>"; };
		C1969660251C85F50077BDE8 /* PostTextCell.swift */ = {isa = PBXFileReference; lastKnownFileType = sourcecode.swift; path = PostTextCell.swift; sourceTree = "<group>"; };
		C1969662251C89C70077BDE8 /* PostImageCell.swift */ = {isa = PBXFileReference; lastKnownFileType = sourcecode.swift; path = PostImageCell.swift; sourceTree = "<group>"; };
		C1969664251C91A60077BDE8 /* ScaledHeightImageView.swift */ = {isa = PBXFileReference; lastKnownFileType = sourcecode.swift; path = ScaledHeightImageView.swift; sourceTree = "<group>"; };
		C1969666251D300C0077BDE8 /* Image.swift */ = {isa = PBXFileReference; lastKnownFileType = sourcecode.swift; path = Image.swift; sourceTree = "<group>"; };
		C1969668251DCDA60077BDE8 /* PostCellViewModel.swift */ = {isa = PBXFileReference; lastKnownFileType = sourcecode.swift; path = PostCellViewModel.swift; sourceTree = "<group>"; };
		C196966B251DFADD0077BDE8 /* PostCellConfiguration.swift */ = {isa = PBXFileReference; lastKnownFileType = sourcecode.swift; path = PostCellConfiguration.swift; sourceTree = "<group>"; };
		C196966D251DFBAA0077BDE8 /* PostCellLayoutCalculator.swift */ = {isa = PBXFileReference; lastKnownFileType = sourcecode.swift; path = PostCellLayoutCalculator.swift; sourceTree = "<group>"; };
		C196966F251DFBB90077BDE8 /* Constants.swift */ = {isa = PBXFileReference; lastKnownFileType = sourcecode.swift; path = Constants.swift; sourceTree = "<group>"; };
		C1969671251DFE230077BDE8 /* String+Height.swift */ = {isa = PBXFileReference; lastKnownFileType = sourcecode.swift; path = "String+Height.swift"; sourceTree = "<group>"; };
		C1969674251F3A430077BDE8 /* Constraints.swift */ = {isa = PBXFileReference; lastKnownFileType = sourcecode.swift; path = Constraints.swift; sourceTree = "<group>"; };
		C1969698251F77710077BDE8 /* TagsCell.swift */ = {isa = PBXFileReference; lastKnownFileType = sourcecode.swift; path = TagsCell.swift; sourceTree = "<group>"; };
		C196969A251F80E40077BDE8 /* StatsCell.swift */ = {isa = PBXFileReference; lastKnownFileType = sourcecode.swift; path = StatsCell.swift; sourceTree = "<group>"; };
		C196969D251FC7CC0077BDE8 /* PostManager.swift */ = {isa = PBXFileReference; lastKnownFileType = sourcecode.swift; path = PostManager.swift; sourceTree = "<group>"; };
		C196969F251FD0700077BDE8 /* AlertService.swift */ = {isa = PBXFileReference; lastKnownFileType = sourcecode.swift; path = AlertService.swift; sourceTree = "<group>"; };
		C19696B92521DFD40077BDE8 /* PostHeaderCell.swift */ = {isa = PBXFileReference; lastKnownFileType = sourcecode.swift; path = PostHeaderCell.swift; sourceTree = "<group>"; };
		C19696BF2521E6DF0077BDE8 /* AnonymTestCaseTests.xctest */ = {isa = PBXFileReference; explicitFileType = wrapper.cfbundle; includeInIndex = 0; path = AnonymTestCaseTests.xctest; sourceTree = BUILT_PRODUCTS_DIR; };
		C19696C12521E6DF0077BDE8 /* AnonymTestCaseTests.swift */ = {isa = PBXFileReference; lastKnownFileType = sourcecode.swift; path = AnonymTestCaseTests.swift; sourceTree = "<group>"; };
		C19696C32521E6DF0077BDE8 /* Info.plist */ = {isa = PBXFileReference; lastKnownFileType = text.plist.xml; path = Info.plist; sourceTree = "<group>"; };
/* End PBXFileReference section */

/* Begin PBXFrameworksBuildPhase section */
		C19696232519E3170077BDE8 /* Frameworks */ = {
			isa = PBXFrameworksBuildPhase;
			buildActionMask = 2147483647;
			files = (
			);
			runOnlyForDeploymentPostprocessing = 0;
		};
		C19696BC2521E6DF0077BDE8 /* Frameworks */ = {
			isa = PBXFrameworksBuildPhase;
			buildActionMask = 2147483647;
			files = (
			);
			runOnlyForDeploymentPostprocessing = 0;
		};
/* End PBXFrameworksBuildPhase section */

/* Begin PBXGroup section */
		C196961D2519E3170077BDE8 = {
			isa = PBXGroup;
			children = (
				C19696282519E3170077BDE8 /* AnonymTestCase */,
				C19696C02521E6DF0077BDE8 /* AnonymTestCaseTests */,
				C19696272519E3170077BDE8 /* Products */,
			);
			sourceTree = "<group>";
		};
		C19696272519E3170077BDE8 /* Products */ = {
			isa = PBXGroup;
			children = (
				C19696262519E3170077BDE8 /* AnonymTestCase.app */,
				C19696BF2521E6DF0077BDE8 /* AnonymTestCaseTests.xctest */,
			);
			name = Products;
			sourceTree = "<group>";
		};
		C19696282519E3170077BDE8 /* AnonymTestCase */ = {
			isa = PBXGroup;
			children = (
				C196964D251A42110077BDE8 /* Global */,
				C196963D2519E3B60077BDE8 /* PostList */,
				C196963E2519E3C20077BDE8 /* PostDetails */,
				C196963F2519E3CB0077BDE8 /* Services */,
				C19696372519E31A0077BDE8 /* Info.plist */,
				C19696322519E31A0077BDE8 /* Assets.xcassets */,
			);
			path = AnonymTestCase;
			sourceTree = "<group>";
		};
		C196963D2519E3B60077BDE8 /* PostList */ = {
			isa = PBXGroup;
			children = (
				C196969C251FC7AD0077BDE8 /* Manager */,
				C19696422519E3F50077BDE8 /* Model */,
				C19696412519E3EA0077BDE8 /* View */,
				C19696402519E3E00077BDE8 /* Controller */,
				C1969673251E06590077BDE8 /* ViewModel */,
			);
			path = PostList;
			sourceTree = "<group>";
		};
		C196963E2519E3C20077BDE8 /* PostDetails */ = {
			isa = PBXGroup;
			children = (
				C196965B251C7C8E0077BDE8 /* View */,
				C196965A251C7C810077BDE8 /* Controller */,
			);
			path = PostDetails;
			sourceTree = "<group>";
		};
		C196963F2519E3CB0077BDE8 /* Services */ = {
			isa = PBXGroup;
			children = (
				C19696432519E6440077BDE8 /* NetworkService.swift */,
				C19696452519E90F0077BDE8 /* PostService.swift */,
				C1969654251BD6E70077BDE8 /* DownloadImageService.swift */,
				C196969F251FD0700077BDE8 /* AlertService.swift */,
			);
			path = Services;
			sourceTree = "<group>";
		};
		C19696402519E3E00077BDE8 /* Controller */ = {
			isa = PBXGroup;
			children = (
				C196962D2519E3170077BDE8 /* PostListViewController.swift */,
			);
			path = Controller;
			sourceTree = "<group>";
		};
		C19696412519E3EA0077BDE8 /* View */ = {
			isa = PBXGroup;
			children = (
				C1969650251A42A70077BDE8 /* PostCell.swift */,
				C1969658251BEE590077BDE8 /* ActivityIndicatorCell.swift */,
			);
			path = View;
			sourceTree = "<group>";
		};
		C19696422519E3F50077BDE8 /* Model */ = {
			isa = PBXGroup;
			children = (
				C19696472519E95B0077BDE8 /* Post.swift */,
				C19696492519EA8D0077BDE8 /* User.swift */,
				C196964B2519EAFC0077BDE8 /* Stats.swift */,
				C1969666251D300C0077BDE8 /* Image.swift */,
			);
			path = Model;
			sourceTree = "<group>";
		};
		C196964D251A42110077BDE8 /* Global */ = {
			isa = PBXGroup;
			children = (
				C196964F251A42210077BDE8 /* View */,
				C196964E251A42190077BDE8 /* Controller */,
				C196966A251DF9AB0077BDE8 /* Helpers */,
			);
			path = Global;
			sourceTree = "<group>";
		};
		C196964E251A42190077BDE8 /* Controller */ = {
			isa = PBXGroup;
			children = (
				C19696292519E3170077BDE8 /* AppDelegate.swift */,
				C196962B2519E3170077BDE8 /* SceneDelegate.swift */,
			);
			path = Controller;
			sourceTree = "<group>";
		};
		C196964F251A42210077BDE8 /* View */ = {
			isa = PBXGroup;
			children = (
				C196962F2519E3170077BDE8 /* Main.storyboard */,
				C19696342519E31A0077BDE8 /* LaunchScreen.storyboard */,
			);
			path = View;
			sourceTree = "<group>";
		};
		C196965A251C7C810077BDE8 /* Controller */ = {
			isa = PBXGroup;
			children = (
				C196965C251C7CA80077BDE8 /* PostDetailsViewController.swift */,
			);
			path = Controller;
			sourceTree = "<group>";
		};
		C196965B251C7C8E0077BDE8 /* View */ = {
			isa = PBXGroup;
			children = (
				C19696B92521DFD40077BDE8 /* PostHeaderCell.swift */,
				C1969660251C85F50077BDE8 /* PostTextCell.swift */,
				C1969662251C89C70077BDE8 /* PostImageCell.swift */,
				C1969698251F77710077BDE8 /* TagsCell.swift */,
				C196969A251F80E40077BDE8 /* StatsCell.swift */,
			);
			path = View;
			sourceTree = "<group>";
		};
		C196966A251DF9AB0077BDE8 /* Helpers */ = {
			isa = PBXGroup;
			children = (
				C1969664251C91A60077BDE8 /* ScaledHeightImageView.swift */,
				C1969671251DFE230077BDE8 /* String+Height.swift */,
				C1969674251F3A430077BDE8 /* Constraints.swift */,
			);
			path = Helpers;
			sourceTree = "<group>";
		};
		C1969673251E06590077BDE8 /* ViewModel */ = {
			isa = PBXGroup;
			children = (
				C1969668251DCDA60077BDE8 /* PostCellViewModel.swift */,
				C196966B251DFADD0077BDE8 /* PostCellConfiguration.swift */,
				C196966D251DFBAA0077BDE8 /* PostCellLayoutCalculator.swift */,
				C196966F251DFBB90077BDE8 /* Constants.swift */,
			);
			path = ViewModel;
			sourceTree = "<group>";
		};
		C196969C251FC7AD0077BDE8 /* Manager */ = {
			isa = PBXGroup;
			children = (
				C196969D251FC7CC0077BDE8 /* PostManager.swift */,
			);
			path = Manager;
			sourceTree = "<group>";
		};
		C19696C02521E6DF0077BDE8 /* AnonymTestCaseTests */ = {
			isa = PBXGroup;
			children = (
				C19696C12521E6DF0077BDE8 /* AnonymTestCaseTests.swift */,
				C19696C32521E6DF0077BDE8 /* Info.plist */,
			);
			path = AnonymTestCaseTests;
			sourceTree = "<group>";
		};
/* End PBXGroup section */

/* Begin PBXNativeTarget section */
		C19696252519E3170077BDE8 /* AnonymTestCase */ = {
			isa = PBXNativeTarget;
			buildConfigurationList = C196963A2519E31A0077BDE8 /* Build configuration list for PBXNativeTarget "AnonymTestCase" */;
			buildPhases = (
				C19696222519E3170077BDE8 /* Sources */,
				C19696232519E3170077BDE8 /* Frameworks */,
				C19696242519E3170077BDE8 /* Resources */,
			);
			buildRules = (
			);
			dependencies = (
			);
			name = AnonymTestCase;
			productName = AnonymTestCase;
			productReference = C19696262519E3170077BDE8 /* AnonymTestCase.app */;
			productType = "com.apple.product-type.application";
		};
		C19696BE2521E6DF0077BDE8 /* AnonymTestCaseTests */ = {
			isa = PBXNativeTarget;
			buildConfigurationList = C19696C62521E6E00077BDE8 /* Build configuration list for PBXNativeTarget "AnonymTestCaseTests" */;
			buildPhases = (
				C19696BB2521E6DF0077BDE8 /* Sources */,
				C19696BC2521E6DF0077BDE8 /* Frameworks */,
				C19696BD2521E6DF0077BDE8 /* Resources */,
			);
			buildRules = (
			);
			dependencies = (
				C19696C52521E6DF0077BDE8 /* PBXTargetDependency */,
			);
			name = AnonymTestCaseTests;
			productName = AnonymTestCaseTests;
			productReference = C19696BF2521E6DF0077BDE8 /* AnonymTestCaseTests.xctest */;
			productType = "com.apple.product-type.bundle.unit-test";
		};
/* End PBXNativeTarget section */

/* Begin PBXProject section */
		C196961E2519E3170077BDE8 /* Project object */ = {
			isa = PBXProject;
			attributes = {
				LastSwiftUpdateCheck = 1170;
				LastUpgradeCheck = 1170;
				ORGANIZATIONNAME = "Anna Vondrukhova";
				TargetAttributes = {
					C19696252519E3170077BDE8 = {
						CreatedOnToolsVersion = 11.7;
					};
					C19696BE2521E6DF0077BDE8 = {
						CreatedOnToolsVersion = 11.7;
						TestTargetID = C19696252519E3170077BDE8;
					};
				};
			};
			buildConfigurationList = C19696212519E3170077BDE8 /* Build configuration list for PBXProject "AnonymTestCase" */;
			compatibilityVersion = "Xcode 9.3";
			developmentRegion = en;
			hasScannedForEncodings = 0;
			knownRegions = (
				en,
				Base,
			);
			mainGroup = C196961D2519E3170077BDE8;
			productRefGroup = C19696272519E3170077BDE8 /* Products */;
			projectDirPath = "";
			projectRoot = "";
			targets = (
				C19696252519E3170077BDE8 /* AnonymTestCase */,
				C19696BE2521E6DF0077BDE8 /* AnonymTestCaseTests */,
			);
		};
/* End PBXProject section */

/* Begin PBXResourcesBuildPhase section */
		C19696242519E3170077BDE8 /* Resources */ = {
			isa = PBXResourcesBuildPhase;
			buildActionMask = 2147483647;
			files = (
				C19696362519E31A0077BDE8 /* LaunchScreen.storyboard in Resources */,
				C19696332519E31A0077BDE8 /* Assets.xcassets in Resources */,
				C19696312519E3170077BDE8 /* Main.storyboard in Resources */,
			);
			runOnlyForDeploymentPostprocessing = 0;
		};
		C19696BD2521E6DF0077BDE8 /* Resources */ = {
			isa = PBXResourcesBuildPhase;
			buildActionMask = 2147483647;
			files = (
			);
			runOnlyForDeploymentPostprocessing = 0;
		};
/* End PBXResourcesBuildPhase section */

/* Begin PBXSourcesBuildPhase section */
		C19696222519E3170077BDE8 /* Sources */ = {
			isa = PBXSourcesBuildPhase;
			buildActionMask = 2147483647;
			files = (
				C1969699251F77710077BDE8 /* TagsCell.swift in Sources */,
				C1969661251C85F50077BDE8 /* PostTextCell.swift in Sources */,
				C19696462519E90F0077BDE8 /* PostService.swift in Sources */,
				C196962E2519E3170077BDE8 /* PostListViewController.swift in Sources */,
				C196962A2519E3170077BDE8 /* AppDelegate.swift in Sources */,
				C1969655251BD6E70077BDE8 /* DownloadImageService.swift in Sources */,
				C19696482519E95B0077BDE8 /* Post.swift in Sources */,
				C19696A0251FD0700077BDE8 /* AlertService.swift in Sources */,
				C196969E251FC7CC0077BDE8 /* PostManager.swift in Sources */,
				C1969669251DCDA60077BDE8 /* PostCellViewModel.swift in Sources */,
				C196969B251F80E40077BDE8 /* StatsCell.swift in Sources */,
				C19696442519E6440077BDE8 /* NetworkService.swift in Sources */,
				C1969651251A42A70077BDE8 /* PostCell.swift in Sources */,
				C19696BA2521DFD40077BDE8 /* PostHeaderCell.swift in Sources */,
				C1969665251C91A60077BDE8 /* ScaledHeightImageView.swift in Sources */,
				C1969670251DFBB90077BDE8 /* Constants.swift in Sources */,
				C1969667251D300C0077BDE8 /* Image.swift in Sources */,
				C196964C2519EAFC0077BDE8 /* Stats.swift in Sources */,
				C196966C251DFADD0077BDE8 /* PostCellConfiguration.swift in Sources */,
				C1969675251F3A430077BDE8 /* Constraints.swift in Sources */,
				C1969672251DFE230077BDE8 /* String+Height.swift in Sources */,
				C1969659251BEE590077BDE8 /* ActivityIndicatorCell.swift in Sources */,
				C196966E251DFBAA0077BDE8 /* PostCellLayoutCalculator.swift in Sources */,
				C196965D251C7CA80077BDE8 /* PostDetailsViewController.swift in Sources */,
				C196962C2519E3170077BDE8 /* SceneDelegate.swift in Sources */,
				C1969663251C89C70077BDE8 /* PostImageCell.swift in Sources */,
				C196964A2519EA8D0077BDE8 /* User.swift in Sources */,
			);
			runOnlyForDeploymentPostprocessing = 0;
		};
		C19696BB2521E6DF0077BDE8 /* Sources */ = {
			isa = PBXSourcesBuildPhase;
			buildActionMask = 2147483647;
			files = (
				C19696C22521E6DF0077BDE8 /* AnonymTestCaseTests.swift in Sources */,
			);
			runOnlyForDeploymentPostprocessing = 0;
		};
/* End PBXSourcesBuildPhase section */

/* Begin PBXTargetDependency section */
		C19696C52521E6DF0077BDE8 /* PBXTargetDependency */ = {
			isa = PBXTargetDependency;
			target = C19696252519E3170077BDE8 /* AnonymTestCase */;
			targetProxy = C19696C42521E6DF0077BDE8 /* PBXContainerItemProxy */;
		};
/* End PBXTargetDependency section */

/* Begin PBXVariantGroup section */
		C196962F2519E3170077BDE8 /* Main.storyboard */ = {
			isa = PBXVariantGroup;
			children = (
				C19696302519E3170077BDE8 /* Base */,
			);
			name = Main.storyboard;
			sourceTree = "<group>";
		};
		C19696342519E31A0077BDE8 /* LaunchScreen.storyboard */ = {
			isa = PBXVariantGroup;
			children = (
				C19696352519E31A0077BDE8 /* Base */,
			);
			name = LaunchScreen.storyboard;
			sourceTree = "<group>";
		};
/* End PBXVariantGroup section */

/* Begin XCBuildConfiguration section */
		C19696382519E31A0077BDE8 /* Debug */ = {
			isa = XCBuildConfiguration;
			buildSettings = {
				ALWAYS_SEARCH_USER_PATHS = NO;
				CLANG_ANALYZER_NONNULL = YES;
				CLANG_ANALYZER_NUMBER_OBJECT_CONVERSION = YES_AGGRESSIVE;
				CLANG_CXX_LANGUAGE_STANDARD = "gnu++14";
				CLANG_CXX_LIBRARY = "libc++";
				CLANG_ENABLE_MODULES = YES;
				CLANG_ENABLE_OBJC_ARC = YES;
				CLANG_ENABLE_OBJC_WEAK = YES;
				CLANG_WARN_BLOCK_CAPTURE_AUTORELEASING = YES;
				CLANG_WARN_BOOL_CONVERSION = YES;
				CLANG_WARN_COMMA = YES;
				CLANG_WARN_CONSTANT_CONVERSION = YES;
				CLANG_WARN_DEPRECATED_OBJC_IMPLEMENTATIONS = YES;
				CLANG_WARN_DIRECT_OBJC_ISA_USAGE = YES_ERROR;
				CLANG_WARN_DOCUMENTATION_COMMENTS = YES;
				CLANG_WARN_EMPTY_BODY = YES;
				CLANG_WARN_ENUM_CONVERSION = YES;
				CLANG_WARN_INFINITE_RECURSION = YES;
				CLANG_WARN_INT_CONVERSION = YES;
				CLANG_WARN_NON_LITERAL_NULL_CONVERSION = YES;
				CLANG_WARN_OBJC_IMPLICIT_RETAIN_SELF = YES;
				CLANG_WARN_OBJC_LITERAL_CONVERSION = YES;
				CLANG_WARN_OBJC_ROOT_CLASS = YES_ERROR;
				CLANG_WARN_RANGE_LOOP_ANALYSIS = YES;
				CLANG_WARN_STRICT_PROTOTYPES = YES;
				CLANG_WARN_SUSPICIOUS_MOVE = YES;
				CLANG_WARN_UNGUARDED_AVAILABILITY = YES_AGGRESSIVE;
				CLANG_WARN_UNREACHABLE_CODE = YES;
				CLANG_WARN__DUPLICATE_METHOD_MATCH = YES;
				COPY_PHASE_STRIP = NO;
				DEBUG_INFORMATION_FORMAT = dwarf;
				ENABLE_STRICT_OBJC_MSGSEND = YES;
				ENABLE_TESTABILITY = YES;
				GCC_C_LANGUAGE_STANDARD = gnu11;
				GCC_DYNAMIC_NO_PIC = NO;
				GCC_NO_COMMON_BLOCKS = YES;
				GCC_OPTIMIZATION_LEVEL = 0;
				GCC_PREPROCESSOR_DEFINITIONS = (
					"DEBUG=1",
					"$(inherited)",
				);
				GCC_WARN_64_TO_32_BIT_CONVERSION = YES;
				GCC_WARN_ABOUT_RETURN_TYPE = YES_ERROR;
				GCC_WARN_UNDECLARED_SELECTOR = YES;
				GCC_WARN_UNINITIALIZED_AUTOS = YES_AGGRESSIVE;
				GCC_WARN_UNUSED_FUNCTION = YES;
				GCC_WARN_UNUSED_VARIABLE = YES;
				IPHONEOS_DEPLOYMENT_TARGET = 13.7;
				MTL_ENABLE_DEBUG_INFO = INCLUDE_SOURCE;
				MTL_FAST_MATH = YES;
				ONLY_ACTIVE_ARCH = YES;
				SDKROOT = iphoneos;
				SWIFT_ACTIVE_COMPILATION_CONDITIONS = DEBUG;
				SWIFT_OPTIMIZATION_LEVEL = "-Onone";
			};
			name = Debug;
		};
		C19696392519E31A0077BDE8 /* Release */ = {
			isa = XCBuildConfiguration;
			buildSettings = {
				ALWAYS_SEARCH_USER_PATHS = NO;
				CLANG_ANALYZER_NONNULL = YES;
				CLANG_ANALYZER_NUMBER_OBJECT_CONVERSION = YES_AGGRESSIVE;
				CLANG_CXX_LANGUAGE_STANDARD = "gnu++14";
				CLANG_CXX_LIBRARY = "libc++";
				CLANG_ENABLE_MODULES = YES;
				CLANG_ENABLE_OBJC_ARC = YES;
				CLANG_ENABLE_OBJC_WEAK = YES;
				CLANG_WARN_BLOCK_CAPTURE_AUTORELEASING = YES;
				CLANG_WARN_BOOL_CONVERSION = YES;
				CLANG_WARN_COMMA = YES;
				CLANG_WARN_CONSTANT_CONVERSION = YES;
				CLANG_WARN_DEPRECATED_OBJC_IMPLEMENTATIONS = YES;
				CLANG_WARN_DIRECT_OBJC_ISA_USAGE = YES_ERROR;
				CLANG_WARN_DOCUMENTATION_COMMENTS = YES;
				CLANG_WARN_EMPTY_BODY = YES;
				CLANG_WARN_ENUM_CONVERSION = YES;
				CLANG_WARN_INFINITE_RECURSION = YES;
				CLANG_WARN_INT_CONVERSION = YES;
				CLANG_WARN_NON_LITERAL_NULL_CONVERSION = YES;
				CLANG_WARN_OBJC_IMPLICIT_RETAIN_SELF = YES;
				CLANG_WARN_OBJC_LITERAL_CONVERSION = YES;
				CLANG_WARN_OBJC_ROOT_CLASS = YES_ERROR;
				CLANG_WARN_RANGE_LOOP_ANALYSIS = YES;
				CLANG_WARN_STRICT_PROTOTYPES = YES;
				CLANG_WARN_SUSPICIOUS_MOVE = YES;
				CLANG_WARN_UNGUARDED_AVAILABILITY = YES_AGGRESSIVE;
				CLANG_WARN_UNREACHABLE_CODE = YES;
				CLANG_WARN__DUPLICATE_METHOD_MATCH = YES;
				COPY_PHASE_STRIP = NO;
				DEBUG_INFORMATION_FORMAT = "dwarf-with-dsym";
				ENABLE_NS_ASSERTIONS = NO;
				ENABLE_STRICT_OBJC_MSGSEND = YES;
				GCC_C_LANGUAGE_STANDARD = gnu11;
				GCC_NO_COMMON_BLOCKS = YES;
				GCC_WARN_64_TO_32_BIT_CONVERSION = YES;
				GCC_WARN_ABOUT_RETURN_TYPE = YES_ERROR;
				GCC_WARN_UNDECLARED_SELECTOR = YES;
				GCC_WARN_UNINITIALIZED_AUTOS = YES_AGGRESSIVE;
				GCC_WARN_UNUSED_FUNCTION = YES;
				GCC_WARN_UNUSED_VARIABLE = YES;
				IPHONEOS_DEPLOYMENT_TARGET = 13.7;
				MTL_ENABLE_DEBUG_INFO = NO;
				MTL_FAST_MATH = YES;
				SDKROOT = iphoneos;
				SWIFT_COMPILATION_MODE = wholemodule;
				SWIFT_OPTIMIZATION_LEVEL = "-O";
				VALIDATE_PRODUCT = YES;
			};
			name = Release;
		};
		C196963B2519E31A0077BDE8 /* Debug */ = {
			isa = XCBuildConfiguration;
			buildSettings = {
				ASSETCATALOG_COMPILER_APPICON_NAME = AppIcon;
				CODE_SIGN_STYLE = Automatic;
				DEVELOPMENT_TEAM = LV8EDW43XJ;
				INFOPLIST_FILE = AnonymTestCase/Info.plist;
				LD_RUNPATH_SEARCH_PATHS = (
					"$(inherited)",
					"@executable_path/Frameworks",
				);
				PRODUCT_BUNDLE_IDENTIFIER = anna.v.AnonymTestCase;
				PRODUCT_NAME = "$(TARGET_NAME)";
				SWIFT_VERSION = 5.0;
				TARGETED_DEVICE_FAMILY = "1,2";
			};
			name = Debug;
		};
		C196963C2519E31A0077BDE8 /* Release */ = {
			isa = XCBuildConfiguration;
			buildSettings = {
				ASSETCATALOG_COMPILER_APPICON_NAME = AppIcon;
				CODE_SIGN_STYLE = Automatic;
				DEVELOPMENT_TEAM = LV8EDW43XJ;
				INFOPLIST_FILE = AnonymTestCase/Info.plist;
				LD_RUNPATH_SEARCH_PATHS = (
					"$(inherited)",
					"@executable_path/Frameworks",
				);
				PRODUCT_BUNDLE_IDENTIFIER = anna.v.AnonymTestCase;
				PRODUCT_NAME = "$(TARGET_NAME)";
				SWIFT_VERSION = 5.0;
				TARGETED_DEVICE_FAMILY = "1,2";
			};
			name = Release;
		};
		C19696C72521E6E00077BDE8 /* Debug */ = {
			isa = XCBuildConfiguration;
			buildSettings = {
				BUNDLE_LOADER = "$(TEST_HOST)";
				CODE_SIGN_STYLE = Automatic;
				DEVELOPMENT_TEAM = LV8EDW43XJ;
				INFOPLIST_FILE = AnonymTestCaseTests/Info.plist;
				LD_RUNPATH_SEARCH_PATHS = (
					"$(inherited)",
					"@executable_path/Frameworks",
					"@loader_path/Frameworks",
				);
				PRODUCT_BUNDLE_IDENTIFIER = anna.v.AnonymTestCaseTests;
				PRODUCT_NAME = "$(TARGET_NAME)";
				SWIFT_VERSION = 5.0;
				TARGETED_DEVICE_FAMILY = "1,2";
				TEST_HOST = "$(BUILT_PRODUCTS_DIR)/AnonymTestCase.app/AnonymTestCase";
			};
			name = Debug;
		};
		C19696C82521E6E00077BDE8 /* Release */ = {
			isa = XCBuildConfiguration;
			buildSettings = {
				BUNDLE_LOADER = "$(TEST_HOST)";
				CODE_SIGN_STYLE = Automatic;
				DEVELOPMENT_TEAM = LV8EDW43XJ;
				INFOPLIST_FILE = AnonymTestCaseTests/Info.plist;
				LD_RUNPATH_SEARCH_PATHS = (
					"$(inherited)",
					"@executable_path/Frameworks",
					"@loader_path/Frameworks",
				);
				PRODUCT_BUNDLE_IDENTIFIER = anna.v.AnonymTestCaseTests;
				PRODUCT_NAME = "$(TARGET_NAME)";
				SWIFT_VERSION = 5.0;
				TARGETED_DEVICE_FAMILY = "1,2";
				TEST_HOST = "$(BUILT_PRODUCTS_DIR)/AnonymTestCase.app/AnonymTestCase";
			};
			name = Release;
		};
/* End XCBuildConfiguration section */

/* Begin XCConfigurationList section */
		C19696212519E3170077BDE8 /* Build configuration list for PBXProject "AnonymTestCase" */ = {
			isa = XCConfigurationList;
			buildConfigurations = (
				C19696382519E31A0077BDE8 /* Debug */,
				C19696392519E31A0077BDE8 /* Release */,
			);
			defaultConfigurationIsVisible = 0;
			defaultConfigurationName = Release;
		};
		C196963A2519E31A0077BDE8 /* Build configuration list for PBXNativeTarget "AnonymTestCase" */ = {
			isa = XCConfigurationList;
			buildConfigurations = (
				C196963B2519E31A0077BDE8 /* Debug */,
				C196963C2519E31A0077BDE8 /* Release */,
			);
			defaultConfigurationIsVisible = 0;
			defaultConfigurationName = Release;
		};
		C19696C62521E6E00077BDE8 /* Build configuration list for PBXNativeTarget "AnonymTestCaseTests" */ = {
			isa = XCConfigurationList;
			buildConfigurations = (
				C19696C72521E6E00077BDE8 /* Debug */,
				C19696C82521E6E00077BDE8 /* Release */,
			);
			defaultConfigurationIsVisible = 0;
			defaultConfigurationName = Release;
		};
/* End XCConfigurationList section */
	};
	rootObject = C196961E2519E3170077BDE8 /* Project object */;
}
